
Microsoft Visual Studio Solution File, Format Version 12.00
# Visual Studio Version 17
VisualStudioVersion = 17.13.35931.197
MinimumVisualStudioVersion = 10.0.40219.1
Project("{FAE04EC0-301F-11D3-BF4B-00C04F79EFBC}") = "Server.Api", "ServerApi\Server.Api.csproj", "{79097722-887B-4295-BF64-A1B43DFCD605}"
EndProject
Project("{FAE04EC0-301F-11D3-BF4B-00C04F79EFBC}") = "Client", "Client\Client.csproj", "{D9EBCF7B-A185-45CF-8AE1-0FE3643DF4F5}"
EndProject
Global
	GlobalSection(SolutionConfigurationPlatforms) = preSolution
		Debug|Any CPU = Debug|Any CPU
		Release|Any CPU = Release|Any CPU
	EndGlobalSection
	GlobalSection(ProjectConfigurationPlatforms) = postSolution
		{79097722-887B-4295-BF64-A1B43DFCD605}.Debug|Any CPU.ActiveCfg = Debug|Any CPU
		{79097722-887B-4295-BF64-A1B43DFCD605}.Debug|Any CPU.Build.0 = Debug|Any CPU
		{79097722-887B-4295-BF64-A1B43DFCD605}.Release|Any CPU.ActiveCfg = Release|Any CPU
		{79097722-887B-4295-BF64-A1B43DFCD605}.Release|Any CPU.Build.0 = Release|Any CPU
		{D9EBCF7B-A185-45CF-8AE1-0FE3643DF4F5}.Debug|Any CPU.ActiveCfg = Debug|Any CPU
		{D9EBCF7B-A185-45CF-8AE1-0FE3643DF4F5}.Debug|Any CPU.Build.0 = Debug|Any CPU
		{D9EBCF7B-A185-45CF-8AE1-0FE3643DF4F5}.Release|Any CPU.ActiveCfg = Release|Any CPU
		{D9EBCF7B-A185-45CF-8AE1-0FE3643DF4F5}.Release|Any CPU.Build.0 = Release|Any CPU
	EndGlobalSection
	GlobalSection(SolutionProperties) = preSolution
		HideSolutionNode = FALSE
	EndGlobalSection
	GlobalSection(ExtensibilityGlobals) = postSolution
		SolutionGuid = {86FA7BEE-8E32-4434-9F9F-B99026D27A21}
	EndGlobalSection
EndGlobal
